# This file is automatically @generated by Cargo.
# It is not intended for manual editing.
version = 4

[[package]]
name = "xenith"
version = "0.0.0"

[[package]]
name = "xenith-diag"
version = "0.0.0"

[[package]]
name = "xenith-driver"
version = "0.0.0"

[[package]]
name = "xenith-sema"
version = "0.0.0"

[[package]]
name = "xenith-syntax"
version = "0.0.0"

[[package]]
name = "xenith-vm"
version = "0.0.0"
